// !$*UTF8*$!
{
	archiveVersion = 1;
	classes = {
	};
	objectVersion = 50;
	objects = {

/* Begin PBXBuildFile section */
		48550E362520B6E400C8E6A3 /* CurvedTabBarApp.swift in Sources */ = {isa = PBXBuildFile; fileRef = 48550E352520B6E400C8E6A3 /* CurvedTabBarApp.swift */; };
		48550E382520B6E400C8E6A3 /* ContentView.swift in Sources */ = {isa = PBXBuildFile; fileRef = 48550E372520B6E400C8E6A3 /* ContentView.swift */; };
		48550E3A2520B6E700C8E6A3 /* Assets.xcassets in Resources */ = {isa = PBXBuildFile; fileRef = 48550E392520B6E700C8E6A3 /* Assets.xcassets */; };
		48550E3D2520B6E700C8E6A3 /* Preview Assets.xcassets in Resources */ = {isa = PBXBuildFile; fileRef = 48550E3C2520B6E700C8E6A3 /* Preview Assets.xcassets */; };
		48550E492521BAD200C8E6A3 /* BaseView.swift in Sources */ = {isa = PBXBuildFile; fileRef = 48550E482521BAD200C8E6A3 /* BaseView.swift */; };
		48550E512521DA8C00C8E6A3 /* ScrollViewPage.swift in Sources */ = {isa = PBXBuildFile; fileRef = 48550E502521DA8C00C8E6A3 /* ScrollViewPage.swift */; };
/* End PBXBuildFile section */

/* Begin PBXFileReference section */
		48550E322520B6E400C8E6A3 /* CurvedTabBar.app */ = {isa = PBXFileReference; explicitFileType = wrapper.application; includeInIndex = 0; path = CurvedTabBar.app; sourceTree = BUILT_PRODUCTS_DIR; };
		48550E352520B6E400C8E6A3 /* CurvedTabBarApp.swift */ = {isa = PBXFileReference; lastKnownFileType = sourcecode.swift; path = CurvedTabBarApp.swift; sourceTree = "<group>"; };
		48550E372520B6E400C8E6A3 /* ContentView.swift */ = {isa = PBXFileReference; lastKnownFileType = sourcecode.swift; path = ContentView.swift; sourceTree = "<group>"; };
		48550E392520B6E700C8E6A3 /* Assets.xcassets */ = {isa = PBXFileReference; lastKnownFileType = folder.assetcatalog; path = Assets.xcassets; sourceTree = "<group>"; };
		48550E3C2520B6E700C8E6A3 /* Preview Assets.xcassets */ = {isa = PBXFileReference; lastKnownFileType = folder.assetcatalog; path = "Preview Assets.xcassets"; sourceTree = "<group>"; };
		48550E3E2520B6E700C8E6A3 /* Info.plist */ = {isa = PBXFileReference; lastKnownFileType = text.plist.xml; path = Info.plist; sourceTree = "<group>"; };
		48550E482521BAD200C8E6A3 /* BaseView.swift */ = {isa = PBXFileReference; lastKnownFileType = sourcecode.swift; path = BaseView.swift; sourceTree = "<group>"; };
		48550E502521DA8C00C8E6A3 /* ScrollViewPage.swift */ = {isa = PBXFileReference; lastKnownFileType = sourcecode.swift; path = ScrollViewPage.swift; sourceTree = "<group>"; };
/* End PBXFileReference section */

/* Begin PBXFrameworksBuildPhase section */
		48550E2F2520B6E400C8E6A3 /* Frameworks */ = {
			isa = PBXFrameworksBuildPhase;
			buildActionMask = 2147483647;
			files = (
			);
			runOnlyForDeploymentPostprocessing = 0;
		};
/* End PBXFrameworksBuildPhase section */

/* Begin PBXGroup section */
		48550E292520B6E400C8E6A3 = {
			isa = PBXGroup;
			children = (
				48550E342520B6E400C8E6A3 /* CurvedTabBar */,
				48550E332520B6E400C8E6A3 /* Products */,
			);
			sourceTree = "<group>";
		};
		48550E332520B6E400C8E6A3 /* Products */ = {
			isa = PBXGroup;
			children = (
				48550E322520B6E400C8E6A3 /* CurvedTabBar.app */,
			);
			name = Products;
			sourceTree = "<group>";
		};
		48550E342520B6E400C8E6A3 /* CurvedTabBar */ = {
			isa = PBXGroup;
			children = (
				48550E352520B6E400C8E6A3 /* CurvedTabBarApp.swift */,
				48550E372520B6E400C8E6A3 /* ContentView.swift */,
				48550E482521BAD200C8E6A3 /* BaseView.swift */,
				48550E502521DA8C00C8E6A3 /* ScrollViewPage.swift */,
				48550E392520B6E700C8E6A3 /* Assets.xcassets */,
				48550E3E2520B6E700C8E6A3 /* Info.plist */,
				48550E3B2520B6E700C8E6A3 /* Preview Content */,
			);
			path = CurvedTabBar;
			sourceTree = "<group>";
		};
		48550E3B2520B6E700C8E6A3 /* Preview Content */ = {
			isa = PBXGroup;
			children = (
				48550E3C2520B6E700C8E6A3 /* Preview Assets.xcassets */,
			);
			path = "Preview Content";
			sourceTree = "<group>";
		};
/* End PBXGroup section */

/* Begin PBXNativeTarget section */
		48550E312520B6E400C8E6A3 /* CurvedTabBar */ = {
			isa = PBXNativeTarget;
			buildConfigurationList = 48550E412520B6E700C8E6A3 /* Build configuration list for PBXNativeTarget "CurvedTabBar" */;
			buildPhases = (
				48550E2E2520B6E400C8E6A3 /* Sources */,
				48550E2F2520B6E400C8E6A3 /* Frameworks */,
				48550E302520B6E400C8E6A3 /* Resources */,
			);
			buildRules = (
			);
			dependencies = (
			);
			name = CurvedTabBar;
			productName = CurvedTabBar;
			productReference = 48550E322520B6E400C8E6A3 /* CurvedTabBar.app */;
			productType = "com.apple.product-type.application";
		};
/* End PBXNativeTarget section */

/* Begin PBXProject section */
		48550E2A2520B6E400C8E6A3 /* Project object */ = {
			isa = PBXProject;
			attributes = {
				LastSwiftUpdateCheck = 1200;
				LastUpgradeCheck = 1200;
				TargetAttributes = {
					48550E312520B6E400C8E6A3 = {
						CreatedOnToolsVersion = 12.0;
					};
				};
			};
			buildConfigurationList = 48550E2D2520B6E400C8E6A3 /* Build configuration list for PBXProject "CurvedTabBar" */;
			compatibilityVersion = "Xcode 9.3";
			developmentRegion = en;
			hasScannedForEncodings = 0;
			knownRegions = (
				en,
				Base,
			);
			mainGroup = 48550E292520B6E400C8E6A3;
			productRefGroup = 48550E332520B6E400C8E6A3 /* Products */;
			projectDirPath = "";
			projectRoot = "";
			targets = (
				48550E312520B6E400C8E6A3 /* CurvedTabBar */,
			);
		};
/* End PBXProject section */

/* Begin PBXResourcesBuildPhase section */
		48550E302520B6E400C8E6A3 /* Resources */ = {
			isa = PBXResourcesBuildPhase;
			buildActionMask = 2147483647;
			files = (
				48550E3D2520B6E700C8E6A3 /* Preview Assets.xcassets in Resources */,
				48550E3A2520B6E700C8E6A3 /* Assets.xcassets in Resources */,
			);
			runOnlyForDeploymentPostprocessing = 0;
		};
/* End PBXResourcesBuildPhase section */

/* Begin PBXSourcesBuildPhase section */
		48550E2E2520B6E400C8E6A3 /* Sources */ = {
			isa = PBXSourcesBuildPhase;
			buildActionMask = 2147483647;
			files = (
				48550E492521BAD200C8E6A3 /* BaseView.swift in Sources */,
				48550E382520B6E400C8E6A3 /* ContentView.swift in Sources */,
				48550E512521DA8C00C8E6A3 /* ScrollViewPage.swift in Sources */,
				48550E362520B6E400C8E6A3 /* CurvedTabBarApp.swift in Sources */,
			);
			runOnlyForDeploymentPostprocessing = 0;
		};
/* End PBXSourcesBuildPhase section */

/* Begin XCBuildConfiguration section */
		48550E3F2520B6E700C8E6A3 /* Debug */ = {
			isa = XCBuildConfiguration;
			buildSettings = {
				ALWAYS_SEARCH_USER_PATHS = NO;
				CLANG_ANALYZER_NONNULL = YES;
				CLANG_ANALYZER_NUMBER_OBJECT_CONVERSION = YES_AGGRESSIVE;
				CLANG_CXX_LANGUAGE_STANDARD = "gnu++14";
				CLANG_CXX_LIBRARY = "libc++";
				CLANG_ENABLE_MODULES = YES;
				CLANG_ENABLE_OBJC_ARC = YES;
				CLANG_ENABLE_OBJC_WEAK = YES;
				CLANG_WARN_BLOCK_CAPTURE_AUTORELEASING = YES;
				CLANG_WARN_BOOL_CONVERSION = YES;
				CLANG_WARN_COMMA = YES;
				CLANG_WARN_CONSTANT_CONVERSION = YES;
				CLANG_WARN_DEPRECATED_OBJC_IMPLEMENTATIONS = YES;
				CLANG_WARN_DIRECT_OBJC_ISA_USAGE = YES_ERROR;
				CLANG_WARN_DOCUMENTATION_COMMENTS = YES;
				CLANG_WARN_EMPTY_BODY = YES;
				CLANG_WARN_ENUM_CONVERSION = YES;
				CLANG_WARN_INFINITE_RECURSION = YES;
				CLANG_WARN_INT_CONVERSION = YES;
				CLANG_WARN_NON_LITERAL_NULL_CONVERSION = YES;
				CLANG_WARN_OBJC_IMPLICIT_RETAIN_SELF = YES;
				CLANG_WARN_OBJC_LITERAL_CONVERSION = YES;
				CLANG_WARN_OBJC_ROOT_CLASS = YES_ERROR;
				CLANG_WARN_QUOTED_INCLUDE_IN_FRAMEWORK_HEADER = YES;
				CLANG_WARN_RANGE_LOOP_ANALYSIS = YES;
				CLANG_WARN_STRICT_PROTOTYPES = YES;
				CLANG_WARN_SUSPICIOUS_MOVE = YES;
				CLANG_WARN_UNGUARDED_AVAILABILITY = YES_AGGRESSIVE;
				CLANG_WARN_UNREACHABLE_CODE = YES;
				CLANG_WARN__DUPLICATE_METHOD_MATCH = YES;
				COPY_PHASE_STRIP = NO;
				DEBUG_INFORMATION_FORMAT = dwarf;
				ENABLE_STRICT_OBJC_MSGSEND = YES;
				ENABLE_TESTABILITY = YES;
				GCC_C_LANGUAGE_STANDARD = gnu11;
				GCC_DYNAMIC_NO_PIC = NO;
				GCC_NO_COMMON_BLOCKS = YES;
				GCC_OPTIMIZATION_LEVEL = 0;
				GCC_PREPROCESSOR_DEFINITIONS = (
					"DEBUG=1",
					"$(inherited)",
				);
				GCC_WARN_64_TO_32_BIT_CONVERSION = YES;
				GCC_WARN_ABOUT_RETURN_TYPE = YES_ERROR;
				GCC_WARN_UNDECLARED_SELECTOR = YES;
				GCC_WARN_UNINITIALIZED_AUTOS = YES_AGGRESSIVE;
				GCC_WARN_UNUSED_FUNCTION = YES;
				GCC_WARN_UNUSED_VARIABLE = YES;
				IPHONEOS_DEPLOYMENT_TARGET = 14.0;
				MTL_ENABLE_DEBUG_INFO = INCLUDE_SOURCE;
				MTL_FAST_MATH = YES;
				ONLY_ACTIVE_ARCH = YES;
				SDKROOT = iphoneos;
				SWIFT_ACTIVE_COMPILATION_CONDITIONS = DEBUG;
				SWIFT_OPTIMIZATION_LEVEL = "-Onone";
			};
			name = Debug;
		};
		48550E402520B6E700C8E6A3 /* Release */ = {
			isa = XCBuildConfiguration;
			buildSettings = {
				ALWAYS_SEARCH_USER_PATHS = NO;
				CLANG_ANALYZER_NONNULL = YES;
				CLANG_ANALYZER_NUMBER_OBJECT_CONVERSION = YES_AGGRESSIVE;
				CLANG_CXX_LANGUAGE_STANDARD = "gnu++14";
				CLANG_CXX_LIBRARY = "libc++";
				CLANG_ENABLE_MODULES = YES;
				CLANG_ENABLE_OBJC_ARC = YES;
				CLANG_ENABLE_OBJC_WEAK = YES;
				CLANG_WARN_BLOCK_CAPTURE_AUTORELEASING = YES;
				CLANG_WARN_BOOL_CONVERSION = YES;
				CLANG_WARN_COMMA = YES;
				CLANG_WARN_CONSTANT_CONVERSION = YES;
				CLANG_WARN_DEPRECATED_OBJC_IMPLEMENTATIONS = YES;
				CLANG_WARN_DIRECT_OBJC_ISA_USAGE = YES_ERROR;
				CLANG_WARN_DOCUMENTATION_COMMENTS = YES;
				CLANG_WARN_EMPTY_BODY = YES;
				CLANG_WARN_ENUM_CONVERSION = YES;
				CLANG_WARN_INFINITE_RECURSION = YES;
				CLANG_WARN_INT_CONVERSION = YES;
				CLANG_WARN_NON_LITERAL_NULL_CONVERSION = YES;
				CLANG_WARN_OBJC_IMPLICIT_RETAIN_SELF = YES;
				CLANG_WARN_OBJC_LITERAL_CONVERSION = YES;
				CLANG_WARN_OBJC_ROOT_CLASS = YES_ERROR;
				CLANG_WARN_QUOTED_INCLUDE_IN_FRAMEWORK_HEADER = YES;
				CLANG_WARN_RANGE_LOOP_ANALYSIS = YES;
				CLANG_WARN_STRICT_PROTOTYPES = YES;
				CLANG_WARN_SUSPICIOUS_MOVE = YES;
				CLANG_WARN_UNGUARDED_AVAILABILITY = YES_AGGRESSIVE;
				CLANG_WARN_UNREACHABLE_CODE = YES;
				CLANG_WARN__DUPLICATE_METHOD_MATCH = YES;
				COPY_PHASE_STRIP = NO;
				DEBUG_INFORMATION_FORMAT = "dwarf-with-dsym";
				ENABLE_NS_ASSERTIONS = NO;
				ENABLE_STRICT_OBJC_MSGSEND = YES;
				GCC_C_LANGUAGE_STANDARD = gnu11;
				GCC_NO_COMMON_BLOCKS = YES;
				GCC_WARN_64_TO_32_BIT_CONVERSION = YES;
				GCC_WARN_ABOUT_RETURN_TYPE = YES_ERROR;
				GCC_WARN_UNDECLARED_SELECTOR = YES;
				GCC_WARN_UNINITIALIZED_AUTOS = YES_AGGRESSIVE;
				GCC_WARN_UNUSED_FUNCTION = YES;
				GCC_WARN_UNUSED_VARIABLE = YES;
				IPHONEOS_DEPLOYMENT_TARGET = 14.0;
				MTL_ENABLE_DEBUG_INFO = NO;
				MTL_FAST_MATH = YES;
				SDKROOT = iphoneos;
				SWIFT_COMPILATION_MODE = wholemodule;
				SWIFT_OPTIMIZATION_LEVEL = "-O";
				VALIDATE_PRODUCT = YES;
			};
			name = Release;
		};
		48550E422520B6E700C8E6A3 /* Debug */ = {
			isa = XCBuildConfiguration;
			buildSettings = {
				ASSETCATALOG_COMPILER_APPICON_NAME = AppIcon;
				ASSETCATALOG_COMPILER_GLOBAL_ACCENT_COLOR_NAME = AccentColor;
				CODE_SIGN_STYLE = Automatic;
				DEVELOPMENT_ASSET_PATHS = "\"CurvedTabBar/Preview Content\"";
				DEVELOPMENT_TEAM = 6UTUM98386;
				ENABLE_PREVIEWS = YES;
				INFOPLIST_FILE = CurvedTabBar/Info.plist;
				IPHONEOS_DEPLOYMENT_TARGET = 14.0;
				LD_RUNPATH_SEARCH_PATHS = (
					"$(inherited)",
					"@executable_path/Frameworks",
				);
				PRODUCT_BUNDLE_IDENTIFIER = co.th.tyre.CurvedTabBar;
				PRODUCT_NAME = "$(TARGET_NAME)";
				SWIFT_VERSION = 5.0;
				TARGETED_DEVICE_FAMILY = "1,2";
			};
			name = Debug;
		};
		48550E432520B6E700C8E6A3 /* Release */ = {
			isa = XCBuildConfiguration;
			buildSettings = {
				ASSETCATALOG_COMPILER_APPICON_NAME = AppIcon;
				ASSETCATALOG_COMPILER_GLOBAL_ACCENT_COLOR_NAME = AccentColor;
				CODE_SIGN_STYLE = Automatic;
				DEVELOPMENT_ASSET_PATHS = "\"CurvedTabBar/Preview Content\"";
				DEVELOPMENT_TEAM = 6UTUM98386;
				ENABLE_PREVIEWS = YES;
				INFOPLIST_FILE = CurvedTabBar/Info.plist;
				IPHONEOS_DEPLOYMENT_TARGET = 14.0;
				LD_RUNPATH_SEARCH_PATHS = (
					"$(inherited)",
					"@executable_path/Frameworks",
				);
				PRODUCT_BUNDLE_IDENTIFIER = co.th.tyre.CurvedTabBar;
				PRODUCT_NAME = "$(TARGET_NAME)";
				SWIFT_VERSION = 5.0;
				TARGETED_DEVICE_FAMILY = "1,2";
			};
			name = Release;
		};
/* End XCBuildConfiguration section */

/* Begin XCConfigurationList section */
		48550E2D2520B6E400C8E6A3 /* Build configuration list for PBXProject "CurvedTabBar" */ = {
			isa = XCConfigurationList;
			buildConfigurations = (
				48550E3F2520B6E700C8E6A3 /* Debug */,
				48550E402520B6E700C8E6A3 /* Release */,
			);
			defaultConfigurationIsVisible = 0;
			defaultConfigurationName = Release;
		};
		48550E412520B6E700C8E6A3 /* Build configuration list for PBXNativeTarget "CurvedTabBar" */ = {
			isa = XCConfigurationList;
			buildConfigurations = (
				48550E422520B6E700C8E6A3 /* Debug */,
				48550E432520B6E700C8E6A3 /* Release */,
			);
			defaultConfigurationIsVisible = 0;
			defaultConfigurationName = Release;
		};
/* End XCConfigurationList section */
	};
	rootObject = 48550E2A2520B6E400C8E6A3 /* Project object */;
}
